
Microsoft Visual Studio Solution File, Format Version 12.00
# Visual Studio Version 17
VisualStudioVersion = 17.13.35825.156
MinimumVisualStudioVersion = 10.0.40219.1
Project("{FAE04EC0-301F-11D3-BF4B-00C04F79EFBC}") = "InfoPanel.Presentmon", "InfoPanel.Presentmon\InfoPanel.Presentmon.csproj", "{9CE278FF-991A-4C04-A779-6DA320703195}"
EndProject
Global
	GlobalSection(SolutionConfigurationPlatforms) = preSolution
		Debug|Any CPU = Debug|Any CPU
		Release|Any CPU = Release|Any CPU
	EndGlobalSection
	GlobalSection(ProjectConfigurationPlatforms) = postSolution
		{9CE278FF-991A-4C04-A779-6DA320703195}.Debug|Any CPU.ActiveCfg = Debug|Any CPU
		{9CE278FF-991A-4C04-A779-6DA320703195}.Debug|Any CPU.Build.0 = Debug|Any CPU
		{9CE278FF-991A-4C04-A779-6DA320703195}.Release|Any CPU.ActiveCfg = Release|Any CPU
		{9CE278FF-991A-4C04-A779-6DA320703195}.Release|Any CPU.Build.0 = Release|Any CPU
		{B8632B83-4950-28B8-F14E-6358182EFD12}.Debug|Any CPU.ActiveCfg = Debug|x64
		{B8632B83-4950-28B8-F14E-6358182EFD12}.Debug|Any CPU.Build.0 = Debug|x64
		{B8632B83-4950-28B8-F14E-6358182EFD12}.Release|Any CPU.ActiveCfg = Release|x64
		{B8632B83-4950-28B8-F14E-6358182EFD12}.Release|Any CPU.Build.0 = Release|x64
	EndGlobalSection
	GlobalSection(SolutionProperties) = preSolution
		HideSolutionNode = FALSE
	EndGlobalSection
	GlobalSection(ExtensibilityGlobals) = postSolution
		SolutionGuid = {4AA18642-E752-4F36-B674-521F8CEA6DE9}
	EndGlobalSection
EndGlobal
