
Microsoft Visual Studio Solution File, Format Version 12.00
# Visual Studio Version 17
VisualStudioVersion = 17.7.34009.444
MinimumVisualStudioVersion = 10.0.40219.1
Project("{8BC9CEB8-8B4A-11D0-8D11-00A0C91BC942}") = "PresentMonDataProvider", "PresentMonDataProvider.vcxproj", "{B1064FE4-2115-4FA0-9D6D-F4AB9DA9CB90}"
EndProject
Global
	GlobalSection(SolutionConfigurationPlatforms) = preSolution
		Debug|x64 = Debug|x64
		Debug|x86 = Debug|x86
		Release|x64 = Release|x64
		Release|x86 = Release|x86
	EndGlobalSection
	GlobalSection(ProjectConfigurationPlatforms) = postSolution
		{B1064FE4-2115-4FA0-9D6D-F4AB9DA9CB90}.Debug|x64.ActiveCfg = Debug|x64
		{B1064FE4-2115-4FA0-9D6D-F4AB9DA9CB90}.Debug|x64.Build.0 = Debug|x64
		{B1064FE4-2115-4FA0-9D6D-F4AB9DA9CB90}.Debug|x86.ActiveCfg = Debug|Win32
		{B1064FE4-2115-4FA0-9D6D-F4AB9DA9CB90}.Debug|x86.Build.0 = Debug|Win32
		{B1064FE4-2115-4FA0-9D6D-F4AB9DA9CB90}.Release|x64.ActiveCfg = Release|x64
		{B1064FE4-2115-4FA0-9D6D-F4AB9DA9CB90}.Release|x64.Build.0 = Release|x64
		{B1064FE4-2115-4FA0-9D6D-F4AB9DA9CB90}.Release|x86.ActiveCfg = Release|Win32
		{B1064FE4-2115-4FA0-9D6D-F4AB9DA9CB90}.Release|x86.Build.0 = Release|Win32
	EndGlobalSection
	GlobalSection(SolutionProperties) = preSolution
		HideSolutionNode = FALSE
	EndGlobalSection
	GlobalSection(ExtensibilityGlobals) = postSolution
		SolutionGuid = {EAD683D8-B378-459E-BC06-32A008AC117B}
	EndGlobalSection
EndGlobal
